// !$*UTF8*$!
{
	archiveVersion = 1;
	classes = {
	};
	objectVersion = 50;
	objects = {

/* Begin PBXBuildFile section */
		FB53486325ADEFFC00B1003B /* main.swift in Sources */ = {isa = PBXBuildFile; fileRef = FB53486225ADEFFC00B1003B /* main.swift */; };
		FB5348B125B5D53700B1003B /* Hamburguesas.swift in Sources */ = {isa = PBXBuildFile; fileRef = FB5348B025B5D53700B1003B /* Hamburguesas.swift */; };
		FB5348E425B7366400B1003B /* VendedorTest.swift in Sources */ = {isa = PBXBuildFile; fileRef = FB5348E325B7366400B1003B /* VendedorTest.swift */; };
		FB5348E725B736BB00B1003B /* Hamburguesas.swift in Sources */ = {isa = PBXBuildFile; fileRef = FB5348B025B5D53700B1003B /* Hamburguesas.swift */; };
		FB5348F125B74C4F00B1003B /* VendedorDeCarros.swift in Sources */ = {isa = PBXBuildFile; fileRef = FB5348F025B74C4F00B1003B /* VendedorDeCarros.swift */; };
		FB5348FB25B74FC000B1003B /* Carro.swift in Sources */ = {isa = PBXBuildFile; fileRef = FB5348FA25B74FC000B1003B /* Carro.swift */; };
/* End PBXBuildFile section */

/* Begin PBXCopyFilesBuildPhase section */
		FB53485D25ADEFFC00B1003B /* CopyFiles */ = {
			isa = PBXCopyFilesBuildPhase;
			buildActionMask = 2147483647;
			dstPath = /usr/share/man/man1/;
			dstSubfolderSpec = 0;
			files = (
			);
			runOnlyForDeploymentPostprocessing = 1;
		};
/* End PBXCopyFilesBuildPhase section */

/* Begin PBXFileReference section */
		FB53485F25ADEFFC00B1003B /* Proyecto 1E */ = {isa = PBXFileReference; explicitFileType = "compiled.mach-o.executable"; includeInIndex = 0; path = "Proyecto 1E"; sourceTree = BUILT_PRODUCTS_DIR; };
		FB53486225ADEFFC00B1003B /* main.swift */ = {isa = PBXFileReference; lastKnownFileType = sourcecode.swift; path = main.swift; sourceTree = "<group>"; };
		FB53488E25B1F07600B1003B /* Proyecto 1ETests.xctest */ = {isa = PBXFileReference; explicitFileType = wrapper.cfbundle; includeInIndex = 0; path = "Proyecto 1ETests.xctest"; sourceTree = BUILT_PRODUCTS_DIR; };
		FB53489225B1F07600B1003B /* Info.plist */ = {isa = PBXFileReference; lastKnownFileType = text.plist.xml; path = Info.plist; sourceTree = "<group>"; };
		FB5348B025B5D53700B1003B /* Hamburguesas.swift */ = {isa = PBXFileReference; lastKnownFileType = sourcecode.swift; path = Hamburguesas.swift; sourceTree = "<group>"; };
		FB5348E325B7366400B1003B /* VendedorTest.swift */ = {isa = PBXFileReference; lastKnownFileType = sourcecode.swift; path = VendedorTest.swift; sourceTree = "<group>"; };
		FB5348F025B74C4F00B1003B /* VendedorDeCarros.swift */ = {isa = PBXFileReference; lastKnownFileType = sourcecode.swift; path = VendedorDeCarros.swift; sourceTree = "<group>"; };
		FB5348FA25B74FC000B1003B /* Carro.swift */ = {isa = PBXFileReference; lastKnownFileType = sourcecode.swift; path = Carro.swift; sourceTree = "<group>"; };
/* End PBXFileReference section */

/* Begin PBXFrameworksBuildPhase section */
		FB53485C25ADEFFC00B1003B /* Frameworks */ = {
			isa = PBXFrameworksBuildPhase;
			buildActionMask = 2147483647;
			files = (
			);
			runOnlyForDeploymentPostprocessing = 0;
		};
		FB53488B25B1F07600B1003B /* Frameworks */ = {
			isa = PBXFrameworksBuildPhase;
			buildActionMask = 2147483647;
			files = (
			);
			runOnlyForDeploymentPostprocessing = 0;
		};
/* End PBXFrameworksBuildPhase section */

/* Begin PBXGroup section */
		FB53485625ADEFFB00B1003B = {
			isa = PBXGroup;
			children = (
				FB53486125ADEFFC00B1003B /* Proyecto 1E */,
				FB53488F25B1F07600B1003B /* Proyecto 1ETests */,
				FB53486025ADEFFC00B1003B /* Products */,
			);
			sourceTree = "<group>";
		};
		FB53486025ADEFFC00B1003B /* Products */ = {
			isa = PBXGroup;
			children = (
				FB53485F25ADEFFC00B1003B /* Proyecto 1E */,
				FB53488E25B1F07600B1003B /* Proyecto 1ETests.xctest */,
			);
			name = Products;
			sourceTree = "<group>";
		};
		FB53486125ADEFFC00B1003B /* Proyecto 1E */ = {
			isa = PBXGroup;
			children = (
				FB5348EF25B74C2200B1003B /* VendedorDeCarros */,
				FB5348EE25B74C1200B1003B /* Hamburguesas */,
				FB53486225ADEFFC00B1003B /* main.swift */,
			);
			path = "Proyecto 1E";
			sourceTree = "<group>";
		};
		FB53488F25B1F07600B1003B /* Proyecto 1ETests */ = {
			isa = PBXGroup;
			children = (
				FB53489225B1F07600B1003B /* Info.plist */,
				FB5348E325B7366400B1003B /* VendedorTest.swift */,
			);
			path = "Proyecto 1ETests";
			sourceTree = "<group>";
		};
		FB5348EE25B74C1200B1003B /* Hamburguesas */ = {
			isa = PBXGroup;
			children = (
				FB5348B025B5D53700B1003B /* Hamburguesas.swift */,
			);
			path = Hamburguesas;
			sourceTree = "<group>";
		};
		FB5348EF25B74C2200B1003B /* VendedorDeCarros */ = {
			isa = PBXGroup;
			children = (
				FB5348F025B74C4F00B1003B /* VendedorDeCarros.swift */,
				FB5348FA25B74FC000B1003B /* Carro.swift */,
			);
			path = VendedorDeCarros;
			sourceTree = "<group>";
		};
/* End PBXGroup section */

/* Begin PBXNativeTarget section */
		FB53485E25ADEFFC00B1003B /* Proyecto 1E */ = {
			isa = PBXNativeTarget;
			buildConfigurationList = FB53486625ADEFFC00B1003B /* Build configuration list for PBXNativeTarget "Proyecto 1E" */;
			buildPhases = (
				FB53485B25ADEFFC00B1003B /* Sources */,
				FB53485C25ADEFFC00B1003B /* Frameworks */,
				FB53485D25ADEFFC00B1003B /* CopyFiles */,
			);
			buildRules = (
			);
			dependencies = (
			);
			name = "Proyecto 1E";
			productName = "Proyecto 1E";
			productReference = FB53485F25ADEFFC00B1003B /* Proyecto 1E */;
			productType = "com.apple.product-type.tool";
		};
		FB53488D25B1F07600B1003B /* Proyecto 1ETests */ = {
			isa = PBXNativeTarget;
			buildConfigurationList = FB53489325B1F07600B1003B /* Build configuration list for PBXNativeTarget "Proyecto 1ETests" */;
			buildPhases = (
				FB53488A25B1F07600B1003B /* Sources */,
				FB53488B25B1F07600B1003B /* Frameworks */,
				FB53488C25B1F07600B1003B /* Resources */,
			);
			buildRules = (
			);
			dependencies = (
			);
			name = "Proyecto 1ETests";
			productName = "Proyecto 1ETests";
			productReference = FB53488E25B1F07600B1003B /* Proyecto 1ETests.xctest */;
			productType = "com.apple.product-type.bundle.unit-test";
		};
/* End PBXNativeTarget section */

/* Begin PBXProject section */
		FB53485725ADEFFB00B1003B /* Project object */ = {
			isa = PBXProject;
			attributes = {
				LastSwiftUpdateCheck = 1200;
				LastUpgradeCheck = 1200;
				TargetAttributes = {
					FB53485E25ADEFFC00B1003B = {
						CreatedOnToolsVersion = 12.0.1;
					};
					FB53488D25B1F07600B1003B = {
						CreatedOnToolsVersion = 12.0.1;
						LastSwiftMigration = 1200;
					};
				};
			};
			buildConfigurationList = FB53485A25ADEFFB00B1003B /* Build configuration list for PBXProject "Proyecto 1E" */;
			compatibilityVersion = "Xcode 9.3";
			developmentRegion = en;
			hasScannedForEncodings = 0;
			knownRegions = (
				en,
				Base,
			);
			mainGroup = FB53485625ADEFFB00B1003B;
			productRefGroup = FB53486025ADEFFC00B1003B /* Products */;
			projectDirPath = "";
			projectRoot = "";
			targets = (
				FB53485E25ADEFFC00B1003B /* Proyecto 1E */,
				FB53488D25B1F07600B1003B /* Proyecto 1ETests */,
			);
		};
/* End PBXProject section */

/* Begin PBXResourcesBuildPhase section */
		FB53488C25B1F07600B1003B /* Resources */ = {
			isa = PBXResourcesBuildPhase;
			buildActionMask = 2147483647;
			files = (
			);
			runOnlyForDeploymentPostprocessing = 0;
		};
/* End PBXResourcesBuildPhase section */

/* Begin PBXSourcesBuildPhase section */
		FB53485B25ADEFFC00B1003B /* Sources */ = {
			isa = PBXSourcesBuildPhase;
			buildActionMask = 2147483647;
			files = (
				FB5348B125B5D53700B1003B /* Hamburguesas.swift in Sources */,
				FB5348FB25B74FC000B1003B /* Carro.swift in Sources */,
				FB5348F125B74C4F00B1003B /* VendedorDeCarros.swift in Sources */,
				FB53486325ADEFFC00B1003B /* main.swift in Sources */,
			);
			runOnlyForDeploymentPostprocessing = 0;
		};
		FB53488A25B1F07600B1003B /* Sources */ = {
			isa = PBXSourcesBuildPhase;
			buildActionMask = 2147483647;
			files = (
				FB5348E725B736BB00B1003B /* Hamburguesas.swift in Sources */,
				FB5348E425B7366400B1003B /* VendedorTest.swift in Sources */,
			);
			runOnlyForDeploymentPostprocessing = 0;
		};
/* End PBXSourcesBuildPhase section */

/* Begin XCBuildConfiguration section */
		FB53486425ADEFFC00B1003B /* Debug */ = {
			isa = XCBuildConfiguration;
			buildSettings = {
				ALWAYS_SEARCH_USER_PATHS = NO;
				CLANG_ANALYZER_NONNULL = YES;
				CLANG_ANALYZER_NUMBER_OBJECT_CONVERSION = YES_AGGRESSIVE;
				CLANG_CXX_LANGUAGE_STANDARD = "gnu++14";
				CLANG_CXX_LIBRARY = "libc++";
				CLANG_ENABLE_MODULES = YES;
				CLANG_ENABLE_OBJC_ARC = YES;
				CLANG_ENABLE_OBJC_WEAK = YES;
				CLANG_WARN_BLOCK_CAPTURE_AUTORELEASING = YES;
				CLANG_WARN_BOOL_CONVERSION = YES;
				CLANG_WARN_COMMA = YES;
				CLANG_WARN_CONSTANT_CONVERSION = YES;
				CLANG_WARN_DEPRECATED_OBJC_IMPLEMENTATIONS = YES;
				CLANG_WARN_DIRECT_OBJC_ISA_USAGE = YES_ERROR;
				CLANG_WARN_DOCUMENTATION_COMMENTS = YES;
				CLANG_WARN_EMPTY_BODY = YES;
				CLANG_WARN_ENUM_CONVERSION = YES;
				CLANG_WARN_INFINITE_RECURSION = YES;
				CLANG_WARN_INT_CONVERSION = YES;
				CLANG_WARN_NON_LITERAL_NULL_CONVERSION = YES;
				CLANG_WARN_OBJC_IMPLICIT_RETAIN_SELF = YES;
				CLANG_WARN_OBJC_LITERAL_CONVERSION = YES;
				CLANG_WARN_OBJC_ROOT_CLASS = YES_ERROR;
				CLANG_WARN_QUOTED_INCLUDE_IN_FRAMEWORK_HEADER = YES;
				CLANG_WARN_RANGE_LOOP_ANALYSIS = YES;
				CLANG_WARN_STRICT_PROTOTYPES = YES;
				CLANG_WARN_SUSPICIOUS_MOVE = YES;
				CLANG_WARN_UNGUARDED_AVAILABILITY = YES_AGGRESSIVE;
				CLANG_WARN_UNREACHABLE_CODE = YES;
				CLANG_WARN__DUPLICATE_METHOD_MATCH = YES;
				COPY_PHASE_STRIP = NO;
				DEBUG_INFORMATION_FORMAT = dwarf;
				ENABLE_STRICT_OBJC_MSGSEND = YES;
				ENABLE_TESTABILITY = YES;
				GCC_C_LANGUAGE_STANDARD = gnu11;
				GCC_DYNAMIC_NO_PIC = NO;
				GCC_NO_COMMON_BLOCKS = YES;
				GCC_OPTIMIZATION_LEVEL = 0;
				GCC_PREPROCESSOR_DEFINITIONS = (
					"DEBUG=1",
					"$(inherited)",
				);
				GCC_WARN_64_TO_32_BIT_CONVERSION = YES;
				GCC_WARN_ABOUT_RETURN_TYPE = YES_ERROR;
				GCC_WARN_UNDECLARED_SELECTOR = YES;
				GCC_WARN_UNINITIALIZED_AUTOS = YES_AGGRESSIVE;
				GCC_WARN_UNUSED_FUNCTION = YES;
				GCC_WARN_UNUSED_VARIABLE = YES;
				MACOSX_DEPLOYMENT_TARGET = 10.15;
				MTL_ENABLE_DEBUG_INFO = INCLUDE_SOURCE;
				MTL_FAST_MATH = YES;
				ONLY_ACTIVE_ARCH = YES;
				SDKROOT = macosx;
				SWIFT_ACTIVE_COMPILATION_CONDITIONS = DEBUG;
				SWIFT_OPTIMIZATION_LEVEL = "-Onone";
			};
			name = Debug;
		};
		FB53486525ADEFFC00B1003B /* Release */ = {
			isa = XCBuildConfiguration;
			buildSettings = {
				ALWAYS_SEARCH_USER_PATHS = NO;
				CLANG_ANALYZER_NONNULL = YES;
				CLANG_ANALYZER_NUMBER_OBJECT_CONVERSION = YES_AGGRESSIVE;
				CLANG_CXX_LANGUAGE_STANDARD = "gnu++14";
				CLANG_CXX_LIBRARY = "libc++";
				CLANG_ENABLE_MODULES = YES;
				CLANG_ENABLE_OBJC_ARC = YES;
				CLANG_ENABLE_OBJC_WEAK = YES;
				CLANG_WARN_BLOCK_CAPTURE_AUTORELEASING = YES;
				CLANG_WARN_BOOL_CONVERSION = YES;
				CLANG_WARN_COMMA = YES;
				CLANG_WARN_CONSTANT_CONVERSION = YES;
				CLANG_WARN_DEPRECATED_OBJC_IMPLEMENTATIONS = YES;
				CLANG_WARN_DIRECT_OBJC_ISA_USAGE = YES_ERROR;
				CLANG_WARN_DOCUMENTATION_COMMENTS = YES;
				CLANG_WARN_EMPTY_BODY = YES;
				CLANG_WARN_ENUM_CONVERSION = YES;
				CLANG_WARN_INFINITE_RECURSION = YES;
				CLANG_WARN_INT_CONVERSION = YES;
				CLANG_WARN_NON_LITERAL_NULL_CONVERSION = YES;
				CLANG_WARN_OBJC_IMPLICIT_RETAIN_SELF = YES;
				CLANG_WARN_OBJC_LITERAL_CONVERSION = YES;
				CLANG_WARN_OBJC_ROOT_CLASS = YES_ERROR;
				CLANG_WARN_QUOTED_INCLUDE_IN_FRAMEWORK_HEADER = YES;
				CLANG_WARN_RANGE_LOOP_ANALYSIS = YES;
				CLANG_WARN_STRICT_PROTOTYPES = YES;
				CLANG_WARN_SUSPICIOUS_MOVE = YES;
				CLANG_WARN_UNGUARDED_AVAILABILITY = YES_AGGRESSIVE;
				CLANG_WARN_UNREACHABLE_CODE = YES;
				CLANG_WARN__DUPLICATE_METHOD_MATCH = YES;
				COPY_PHASE_STRIP = NO;
				DEBUG_INFORMATION_FORMAT = "dwarf-with-dsym";
				ENABLE_NS_ASSERTIONS = NO;
				ENABLE_STRICT_OBJC_MSGSEND = YES;
				GCC_C_LANGUAGE_STANDARD = gnu11;
				GCC_NO_COMMON_BLOCKS = YES;
				GCC_WARN_64_TO_32_BIT_CONVERSION = YES;
				GCC_WARN_ABOUT_RETURN_TYPE = YES_ERROR;
				GCC_WARN_UNDECLARED_SELECTOR = YES;
				GCC_WARN_UNINITIALIZED_AUTOS = YES_AGGRESSIVE;
				GCC_WARN_UNUSED_FUNCTION = YES;
				GCC_WARN_UNUSED_VARIABLE = YES;
				MACOSX_DEPLOYMENT_TARGET = 10.15;
				MTL_ENABLE_DEBUG_INFO = NO;
				MTL_FAST_MATH = YES;
				SDKROOT = macosx;
				SWIFT_COMPILATION_MODE = wholemodule;
				SWIFT_OPTIMIZATION_LEVEL = "-O";
			};
			name = Release;
		};
		FB53486725ADEFFC00B1003B /* Debug */ = {
			isa = XCBuildConfiguration;
			buildSettings = {
				CODE_SIGN_STYLE = Automatic;
				DEVELOPMENT_TEAM = H9JXH336V5;
				ENABLE_HARDENED_RUNTIME = YES;
				PRODUCT_NAME = "$(TARGET_NAME)";
				SWIFT_VERSION = 5.0;
			};
			name = Debug;
		};
		FB53486825ADEFFC00B1003B /* Release */ = {
			isa = XCBuildConfiguration;
			buildSettings = {
				CODE_SIGN_STYLE = Automatic;
				DEVELOPMENT_TEAM = H9JXH336V5;
				ENABLE_HARDENED_RUNTIME = YES;
				PRODUCT_NAME = "$(TARGET_NAME)";
				SWIFT_VERSION = 5.0;
			};
			name = Release;
		};
		FB53489425B1F07600B1003B /* Debug */ = {
			isa = XCBuildConfiguration;
			buildSettings = {
				CLANG_ENABLE_MODULES = YES;
				CODE_SIGN_STYLE = Automatic;
				COMBINE_HIDPI_IMAGES = YES;
				DEVELOPMENT_TEAM = H9JXH336V5;
				INFOPLIST_FILE = "Proyecto 1ETests/Info.plist";
				LD_RUNPATH_SEARCH_PATHS = (
					"$(inherited)",
					"@executable_path/../Frameworks",
					"@loader_path/../Frameworks",
				);
				PRODUCT_BUNDLE_IDENTIFIER = "com.Ronaldo.Proyecto-1ETests";
				PRODUCT_NAME = "$(TARGET_NAME)";
				SWIFT_OPTIMIZATION_LEVEL = "-Onone";
				SWIFT_VERSION = 5.0;
			};
			name = Debug;
		};
		FB53489525B1F07600B1003B /* Release */ = {
			isa = XCBuildConfiguration;
			buildSettings = {
				CLANG_ENABLE_MODULES = YES;
				CODE_SIGN_STYLE = Automatic;
				COMBINE_HIDPI_IMAGES = YES;
				DEVELOPMENT_TEAM = H9JXH336V5;
				INFOPLIST_FILE = "Proyecto 1ETests/Info.plist";
				LD_RUNPATH_SEARCH_PATHS = (
					"$(inherited)",
					"@executable_path/../Frameworks",
					"@loader_path/../Frameworks",
				);
				PRODUCT_BUNDLE_IDENTIFIER = "com.Ronaldo.Proyecto-1ETests";
				PRODUCT_NAME = "$(TARGET_NAME)";
				SWIFT_VERSION = 5.0;
			};
			name = Release;
		};
/* End XCBuildConfiguration section */

/* Begin XCConfigurationList section */
		FB53485A25ADEFFB00B1003B /* Build configuration list for PBXProject "Proyecto 1E" */ = {
			isa = XCConfigurationList;
			buildConfigurations = (
				FB53486425ADEFFC00B1003B /* Debug */,
				FB53486525ADEFFC00B1003B /* Release */,
			);
			defaultConfigurationIsVisible = 0;
			defaultConfigurationName = Release;
		};
		FB53486625ADEFFC00B1003B /* Build configuration list for PBXNativeTarget "Proyecto 1E" */ = {
			isa = XCConfigurationList;
			buildConfigurations = (
				FB53486725ADEFFC00B1003B /* Debug */,
				FB53486825ADEFFC00B1003B /* Release */,
			);
			defaultConfigurationIsVisible = 0;
			defaultConfigurationName = Release;
		};
		FB53489325B1F07600B1003B /* Build configuration list for PBXNativeTarget "Proyecto 1ETests" */ = {
			isa = XCConfigurationList;
			buildConfigurations = (
				FB53489425B1F07600B1003B /* Debug */,
				FB53489525B1F07600B1003B /* Release */,
			);
			defaultConfigurationIsVisible = 0;
			defaultConfigurationName = Release;
		};
/* End XCConfigurationList section */
	};
	rootObject = FB53485725ADEFFB00B1003B /* Project object */;
}
